<?xml version="1.0" encoding="utf-8"?>
<Project ToolsVersion="4.0" xmlns="http://schemas.microsoft.com/developer/msbuild/2003">
  <ItemGroup>
    <Filter Include="Source Files">
      <UniqueIdentifier>{4FC737F1-C7A5-4376-A066-2A32D752A2FF}</UniqueIdentifier>
      <Extensions>cpp;c;cc;cxx;c++;cppm;ixx;def;odl;idl;hpj;bat;asm;asmx</Extensions>
    </Filter>
    <Filter Include="Header Files">
      <UniqueIdentifier>{93995380-89BD-4b04-88EB-625FBE52EBFB}</UniqueIdentifier>
      <Extensions>h;hh;hpp;hxx;h++;hm;inl;inc;ipp;xsd</Extensions>
    </Filter>
    <Filter Include="Resource Files">
      <UniqueIdentifier>{67DA6AB6-F800-4c08-8B7A-83BB121AAD01}</UniqueIdentifier>
      <Extensions>rc;ico;cur;bmp;dlg;rc2;rct;bin;rgs;gif;jpg;jpeg;jpe;resx;tiff;tif;png;wav;mfcribbon-ms</Extensions>
    </Filter>
    <Filter Include="Source Files\Card">
      <UniqueIdentifier>{75e475f6-e565-4381-af71-214f8da2d01e}</UniqueIdentifier>
    </Filter>
    <Filter Include="Source Files\Player">
      <UniqueIdentifier>{7130c10e-a600-4009-9ea5-70d49633f1ef}</UniqueIdentifier>
    </Filter>
    <Filter Include="Source Files\Game">
      <UniqueIdentifier>{9fca7b62-dc9e-43e5-97c9-6e2647693487}</UniqueIdentifier>
    </Filter>
    <Filter Include="PROJEKT">
      <UniqueIdentifier>{1bdda40b-fd53-41dd-82a5-8b9aa1cb1adc}</UniqueIdentifier>
    </Filter>
  </ItemGroup>
  <ItemGroup>
    <ClInclude Include="card.h">
      <Filter>Source Files\Card</Filter>
    </ClInclude>
    <ClInclude Include="game.h">
      <Filter>Source Files\Game</Filter>
    </ClInclude>
    <ClInclude Include="player.h">
      <Filter>Source Files\Player</Filter>
    </ClInclude>
  </ItemGroup>
  <ItemGroup>
    <ClCompile Include="card.c">
      <Filter>Source Files\Card</Filter>
    </ClCompile>
    <ClCompile Include="game.c">
      <Filter>Source Files\Game</Filter>
    </ClCompile>
    <ClCompile Include="player.c">
      <Filter>Source Files\Player</Filter>
    </ClCompile>
    <ClCompile Include="main.c">
      <Filter>PROJEKT</Filter>
    </ClCompile>
  </ItemGroup>
</Project>